// !$*UTF8*$!
{
	archiveVersion = 1;
	classes = {
	};
	objectVersion = 56;
	objects = {

/* Begin PBXBuildFile section */
		000000000000000000002001 /* StudyBlockerApp.swift in Sources */ = {isa = PBXBuildFile; fileRef = 000000000000000000001001 /* StudyBlockerApp.swift */; };
		000000000000000000002002 /* ContentView.swift in Sources */ = {isa = PBXBuildFile; fileRef = 000000000000000000001002 /* ContentView.swift */; };
		000000000000000000002003 /* StudyModel.swift in Sources */ = {isa = PBXBuildFile; fileRef = 000000000000000000001003 /* StudyModel.swift */; };
		000000000000000000002004 /* ScheduleController.swift in Sources */ = {isa = PBXBuildFile; fileRef = 000000000000000000001004 /* ScheduleController.swift */; };
		000000000000000000002005 /* CloudSessionSync.swift in Sources */ = {isa = PBXBuildFile; fileRef = 000000000000000000001005 /* CloudSessionSync.swift */; };
		000000000000000000002006 /* SharedStore.swift in Sources */ = {isa = PBXBuildFile; fileRef = 000000000000000000001006 /* SharedStore.swift */; };
		000000000000000000002007 /* ShieldController.swift in Sources */ = {isa = PBXBuildFile; fileRef = 000000000000000000001007 /* ShieldController.swift */; };
		000000000000000000002008 /* StudyMonitor.swift in Sources */ = {isa = PBXBuildFile; fileRef = 000000000000000000001008 /* StudyMonitor.swift */; };
		000000000000000000002009 /* SharedStore.swift in Sources */ = {isa = PBXBuildFile; fileRef = 000000000000000000001006 /* SharedStore.swift */; };
		000000000000000000002010 /* ShieldController.swift in Sources */ = {isa = PBXBuildFile; fileRef = 000000000000000000001007 /* ShieldController.swift */; };
		000000000000000000002011 /* ShieldConfigurationProvider.swift in Sources */ = {isa = PBXBuildFile; fileRef = 000000000000000000001009 /* ShieldConfigurationProvider.swift */; };
		000000000000000000002012 /* StudyBlockerMonitor.appex in Embed Foundation Extensions */ = {isa = PBXBuildFile; fileRef = 000000000000000000001017 /* StudyBlockerMonitor.appex */; settings = {ATTRIBUTES = (RemoveHeadersOnCopy, ); }; };
		000000000000000000002013 /* StudyBlockerShieldUI.appex in Embed Foundation Extensions */ = {isa = PBXBuildFile; fileRef = 000000000000000000001018 /* StudyBlockerShieldUI.appex */; settings = {ATTRIBUTES = (RemoveHeadersOnCopy, ); }; };
/* End PBXBuildFile section */

/* Begin PBXContainerItemProxy section */
		000000000000000000006101 /* PBXContainerItemProxy */ = {
			isa = PBXContainerItemProxy;
			containerPortal = 000000000000000000008001 /* Project object */;
			proxyType = 1;
			remoteGlobalIDString = 000000000000000000004002;
			remoteInfo = StudyBlockerMonitor;
		};
		000000000000000000006102 /* PBXContainerItemProxy */ = {
			isa = PBXContainerItemProxy;
			containerPortal = 000000000000000000008001 /* Project object */;
			proxyType = 1;
			remoteGlobalIDString = 000000000000000000004003;
			remoteInfo = StudyBlockerShieldUI;
		};
/* End PBXContainerItemProxy section */

/* Begin PBXCopyFilesBuildPhase section */
		000000000000000000005004 /* Embed Foundation Extensions */ = {
			isa = PBXCopyFilesBuildPhase;
			buildActionMask = 2147483647;
			dstPath = "";
			dstSubfolderSpec = 13;
			files = (
				000000000000000000002012 /* StudyBlockerMonitor.appex in Embed Foundation Extensions */,
				000000000000000000002013 /* StudyBlockerShieldUI.appex in Embed Foundation Extensions */,
			);
			name = "Embed Foundation Extensions";
			runOnlyForDeploymentPostprocessing = 0;
		};
/* End PBXCopyFilesBuildPhase section */

/* Begin PBXFileReference section */
		000000000000000000001001 /* StudyBlockerApp.swift */ = {isa = PBXFileReference; lastKnownFileType = sourcecode.swift; path = StudyBlockerApp.swift; sourceTree = "<group>"; };
		000000000000000000001002 /* ContentView.swift */ = {isa = PBXFileReference; lastKnownFileType = sourcecode.swift; path = ContentView.swift; sourceTree = "<group>"; };
		000000000000000000001003 /* StudyModel.swift */ = {isa = PBXFileReference; lastKnownFileType = sourcecode.swift; path = StudyModel.swift; sourceTree = "<group>"; };
		000000000000000000001004 /* ScheduleController.swift */ = {isa = PBXFileReference; lastKnownFileType = sourcecode.swift; path = ScheduleController.swift; sourceTree = "<group>"; };
		000000000000000000001005 /* CloudSessionSync.swift */ = {isa = PBXFileReference; lastKnownFileType = sourcecode.swift; path = CloudSessionSync.swift; sourceTree = "<group>"; };
		000000000000000000001006 /* SharedStore.swift */ = {isa = PBXFileReference; lastKnownFileType = sourcecode.swift; path = SharedStore.swift; sourceTree = "<group>"; };
		000000000000000000001007 /* ShieldController.swift */ = {isa = PBXFileReference; lastKnownFileType = sourcecode.swift; path = ShieldController.swift; sourceTree = "<group>"; };
		000000000000000000001008 /* StudyMonitor.swift */ = {isa = PBXFileReference; lastKnownFileType = sourcecode.swift; path = StudyMonitor.swift; sourceTree = "<group>"; };
		000000000000000000001009 /* ShieldConfigurationProvider.swift */ = {isa = PBXFileReference; lastKnownFileType = sourcecode.swift; path = ShieldConfigurationProvider.swift; sourceTree = "<group>"; };
		000000000000000000001010 /* StudyBlocker.entitlements */ = {isa = PBXFileReference; lastKnownFileType = text.plist.entitlements; path = StudyBlocker.entitlements; sourceTree = "<group>"; };
		000000000000000000001011 /* StudyBlockerMonitor.entitlements */ = {isa = PBXFileReference; lastKnownFileType = text.plist.entitlements; path = StudyBlockerMonitor.entitlements; sourceTree = "<group>"; };
		000000000000000000001012 /* StudyBlockerShieldUI.entitlements */ = {isa = PBXFileReference; lastKnownFileType = text.plist.entitlements; path = StudyBlockerShieldUI.entitlements; sourceTree = "<group>"; };
		000000000000000000001013 /* Info.plist */ = {isa = PBXFileReference; lastKnownFileType = text.plist.xml; path = Info.plist; sourceTree = "<group>"; };
		000000000000000000001014 /* Info.plist */ = {isa = PBXFileReference; lastKnownFileType = text.plist.xml; path = Info.plist; sourceTree = "<group>"; };
		000000000000000000001015 /* Info.plist */ = {isa = PBXFileReference; lastKnownFileType = text.plist.xml; path = Info.plist; sourceTree = "<group>"; };
		000000000000000000001016 /* StudyBlocker.app */ = {isa = PBXFileReference; explicitFileType = wrapper.application; includeInIndex = 0; path = StudyBlocker.app; sourceTree = BUILT_PRODUCTS_DIR; };
		000000000000000000001017 /* StudyBlockerMonitor.appex */ = {isa = PBXFileReference; explicitFileType = "wrapper.app-extension"; includeInIndex = 0; path = StudyBlockerMonitor.appex; sourceTree = BUILT_PRODUCTS_DIR; };
		000000000000000000001018 /* StudyBlockerShieldUI.appex */ = {isa = PBXFileReference; explicitFileType = "wrapper.app-extension"; includeInIndex = 0; path = StudyBlockerShieldUI.appex; sourceTree = BUILT_PRODUCTS_DIR; };
/* End PBXFileReference section */

/* Begin PBXFrameworksBuildPhase section */
		000000000000000000005002 /* Frameworks */ = {
			isa = PBXFrameworksBuildPhase;
			buildActionMask = 2147483647;
			files = (
			);
			runOnlyForDeploymentPostprocessing = 0;
		};
		000000000000000000005006 /* Frameworks */ = {
			isa = PBXFrameworksBuildPhase;
			buildActionMask = 2147483647;
			files = (
			);
			runOnlyForDeploymentPostprocessing = 0;
		};
		000000000000000000005008 /* Frameworks */ = {
			isa = PBXFrameworksBuildPhase;
			buildActionMask = 2147483647;
			files = (
			);
			runOnlyForDeploymentPostprocessing = 0;
		};
/* End PBXFrameworksBuildPhase section */

/* Begin PBXGroup section */
		000000000000000000003001 = {
			isa = PBXGroup;
			children = (
				000000000000000000003003 /* StudyBlocker */,
				000000000000000000003007 /* StudyBlockerMonitor */,
				000000000000000000003008 /* StudyBlockerShieldUI */,
				000000000000000000003002 /* Products */,
			);
			sourceTree = "<group>";
		};
		000000000000000000003002 /* Products */ = {
			isa = PBXGroup;
			children = (
				000000000000000000001016 /* StudyBlocker.app */,
				000000000000000000001017 /* StudyBlockerMonitor.appex */,
				000000000000000000001018 /* StudyBlockerShieldUI.appex */,
			);
			name = Products;
			sourceTree = "<group>";
		};
		000000000000000000003003 /* StudyBlocker */ = {
			isa = PBXGroup;
			children = (
				000000000000000000001001 /* StudyBlockerApp.swift */,
				000000000000000000001002 /* ContentView.swift */,
				000000000000000000003004 /* Model */,
				000000000000000000003005 /* Managers */,
				000000000000000000003006 /* Shared */,
				000000000000000000001013 /* Info.plist */,
				000000000000000000001010 /* StudyBlocker.entitlements */,
			);
			path = StudyBlocker;
			sourceTree = "<group>";
		};
		000000000000000000003004 /* Model */ = {
			isa = PBXGroup;
			children = (
				000000000000000000001003 /* StudyModel.swift */,
			);
			path = Model;
			sourceTree = "<group>";
		};
		000000000000000000003005 /* Managers */ = {
			isa = PBXGroup;
			children = (
				000000000000000000001004 /* ScheduleController.swift */,
				000000000000000000001005 /* CloudSessionSync.swift */,
			);
			path = Managers;
			sourceTree = "<group>";
		};
		000000000000000000003006 /* Shared */ = {
			isa = PBXGroup;
			children = (
				000000000000000000001006 /* SharedStore.swift */,
				000000000000000000001007 /* ShieldController.swift */,
			);
			path = Shared;
			sourceTree = "<group>";
		};
		000000000000000000003007 /* StudyBlockerMonitor */ = {
			isa = PBXGroup;
			children = (
				000000000000000000001008 /* StudyMonitor.swift */,
				000000000000000000001014 /* Info.plist */,
				000000000000000000001011 /* StudyBlockerMonitor.entitlements */,
			);
			path = StudyBlockerMonitor;
			sourceTree = "<group>";
		};
		000000000000000000003008 /* StudyBlockerShieldUI */ = {
			isa = PBXGroup;
			children = (
				000000000000000000001009 /* ShieldConfigurationProvider.swift */,
				000000000000000000001015 /* Info.plist */,
				000000000000000000001012 /* StudyBlockerShieldUI.entitlements */,
			);
			path = StudyBlockerShieldUI;
			sourceTree = "<group>";
		};
/* End PBXGroup section */

/* Begin PBXNativeTarget section */
		000000000000000000004001 /* StudyBlocker */ = {
			isa = PBXNativeTarget;
			buildConfigurationList = 000000000000000000007006 /* Build configuration list for PBXNativeTarget "StudyBlocker" */;
			buildPhases = (
				000000000000000000005001 /* Sources */,
				000000000000000000005002 /* Frameworks */,
				000000000000000000005003 /* Resources */,
				000000000000000000005004 /* Embed Foundation Extensions */,
			);
			buildRules = (
			);
			dependencies = (
				000000000000000000006001 /* PBXTargetDependency */,
				000000000000000000006002 /* PBXTargetDependency */,
			);
			name = StudyBlocker;
			productName = StudyBlocker;
			productReference = 000000000000000000001016 /* StudyBlocker.app */;
			productType = "com.apple.product-type.application";
		};
		000000000000000000004002 /* StudyBlockerMonitor */ = {
			isa = PBXNativeTarget;
			buildConfigurationList = 000000000000000000007009 /* Build configuration list for PBXNativeTarget "StudyBlockerMonitor" */;
			buildPhases = (
				000000000000000000005005 /* Sources */,
				000000000000000000005006 /* Frameworks */,
			);
			buildRules = (
			);
			dependencies = (
			);
			name = StudyBlockerMonitor;
			productName = StudyBlockerMonitor;
			productReference = 000000000000000000001017 /* StudyBlockerMonitor.appex */;
			productType = "com.apple.product-type.app-extension";
		};
		000000000000000000004003 /* StudyBlockerShieldUI */ = {
			isa = PBXNativeTarget;
			buildConfigurationList = 000000000000000000007012 /* Build configuration list for PBXNativeTarget "StudyBlockerShieldUI" */;
			buildPhases = (
				000000000000000000005007 /* Sources */,
				000000000000000000005008 /* Frameworks */,
			);
			buildRules = (
			);
			dependencies = (
			);
			name = StudyBlockerShieldUI;
			productName = StudyBlockerShieldUI;
			productReference = 000000000000000000001018 /* StudyBlockerShieldUI.appex */;
			productType = "com.apple.product-type.app-extension";
		};
/* End PBXNativeTarget section */

/* Begin PBXProject section */
		000000000000000000008001 /* Project object */ = {
			isa = PBXProject;
			attributes = {
				BuildIndependentTargetsInParallel = 1;
				LastUpgradeCheck = 1500;
			};
			buildConfigurationList = 000000000000000000007003 /* Build configuration list for PBXProject "StudyBlocker" */;
			compatibilityVersion = "Xcode 14.0";
			developmentRegion = en;
			hasScannedForEncodings = 0;
			knownRegions = (
				en,
				es,
				Base,
			);
			mainGroup = 000000000000000000003001;
			productRefGroup = 000000000000000000003002 /* Products */;
			projectDirPath = "";
			projectRoot = "";
			targets = (
				000000000000000000004001 /* StudyBlocker */,
				000000000000000000004002 /* StudyBlockerMonitor */,
				000000000000000000004003 /* StudyBlockerShieldUI */,
			);
		};
/* End PBXProject section */

/* Begin PBXResourcesBuildPhase section */
		000000000000000000005003 /* Resources */ = {
			isa = PBXResourcesBuildPhase;
			buildActionMask = 2147483647;
			files = (
			);
			runOnlyForDeploymentPostprocessing = 0;
		};
/* End PBXResourcesBuildPhase section */

/* Begin PBXSourcesBuildPhase section */
		000000000000000000005001 /* Sources */ = {
			isa = PBXSourcesBuildPhase;
			buildActionMask = 2147483647;
			files = (
				000000000000000000002001 /* StudyBlockerApp.swift in Sources */,
				000000000000000000002002 /* ContentView.swift in Sources */,
				000000000000000000002003 /* StudyModel.swift in Sources */,
				000000000000000000002004 /* ScheduleController.swift in Sources */,
				000000000000000000002005 /* CloudSessionSync.swift in Sources */,
				000000000000000000002006 /* SharedStore.swift in Sources */,
				000000000000000000002007 /* ShieldController.swift in Sources */,
			);
			runOnlyForDeploymentPostprocessing = 0;
		};
		000000000000000000005005 /* Sources */ = {
			isa = PBXSourcesBuildPhase;
			buildActionMask = 2147483647;
			files = (
				000000000000000000002008 /* StudyMonitor.swift in Sources */,
				000000000000000000002009 /* SharedStore.swift in Sources */,
				000000000000000000002010 /* ShieldController.swift in Sources */,
			);
			runOnlyForDeploymentPostprocessing = 0;
		};
		000000000000000000005007 /* Sources */ = {
			isa = PBXSourcesBuildPhase;
			buildActionMask = 2147483647;
			files = (
				000000000000000000002011 /* ShieldConfigurationProvider.swift in Sources */,
			);
			runOnlyForDeploymentPostprocessing = 0;
		};
/* End PBXSourcesBuildPhase section */

/* Begin PBXTargetDependency section */
		000000000000000000006001 /* PBXTargetDependency */ = {
			isa = PBXTargetDependency;
			target = 000000000000000000004002 /* StudyBlockerMonitor */;
			targetProxy = 000000000000000000006101 /* PBXContainerItemProxy */;
		};
		000000000000000000006002 /* PBXTargetDependency */ = {
			isa = PBXTargetDependency;
			target = 000000000000000000004003 /* StudyBlockerShieldUI */;
			targetProxy = 000000000000000000006102 /* PBXContainerItemProxy */;
		};
/* End PBXTargetDependency section */

/* Begin XCBuildConfiguration section */
		000000000000000000007001 /* Debug */ = {
			isa = XCBuildConfiguration;
			buildSettings = {
				ALWAYS_SEARCH_USER_PATHS = NO;
				CLANG_ANALYZER_NONNULL = YES;
				CLANG_ENABLE_MODULES = YES;
				CLANG_ENABLE_OBJC_ARC = YES;
				COPY_PHASE_STRIP = NO;
				DEBUG_INFORMATION_FORMAT = dwarf;
				ENABLE_STRICT_OBJC_MSGSEND = YES;
				ENABLE_TESTABILITY = YES;
				GCC_C_LANGUAGE_STANDARD = gnu17;
				GCC_DYNAMIC_NO_PIC = NO;
				GCC_NO_COMMON_BLOCKS = YES;
				GCC_OPTIMIZATION_LEVEL = 0;
				GCC_PREPROCESSOR_DEFINITIONS = (
					"DEBUG=1",
					"$(inherited)",
				);
				IPHONEOS_DEPLOYMENT_TARGET = 16.0;
				MTL_ENABLE_DEBUG_INFO = INCLUDE_SOURCE;
				MTL_FAST_MATH = YES;
				ONLY_ACTIVE_ARCH = YES;
				SDKROOT = iphoneos;
				SWIFT_ACTIVE_COMPILATION_CONDITIONS = "DEBUG $(inherited)";
				SWIFT_OPTIMIZATION_LEVEL = "-Onone";
				SWIFT_VERSION = 5.0;
			};
			name = Debug;
		};
		000000000000000000007002 /* Release */ = {
			isa = XCBuildConfiguration;
			buildSettings = {
				ALWAYS_SEARCH_USER_PATHS = NO;
				CLANG_ANALYZER_NONNULL = YES;
				CLANG_ENABLE_MODULES = YES;
				CLANG_ENABLE_OBJC_ARC = YES;
				COPY_PHASE_STRIP = NO;
				DEBUG_INFORMATION_FORMAT = "dwarf-with-dsym";
				ENABLE_NS_ASSERTIONS = NO;
				ENABLE_STRICT_OBJC_MSGSEND = YES;
				GCC_C_LANGUAGE_STANDARD = gnu17;
				GCC_NO_COMMON_BLOCKS = YES;
				IPHONEOS_DEPLOYMENT_TARGET = 16.0;
				MTL_ENABLE_DEBUG_INFO = NO;
				MTL_FAST_MATH = YES;
				SDKROOT = iphoneos;
				SWIFT_COMPILATION_MODE = wholemodule;
				SWIFT_OPTIMIZATION_LEVEL = "-O";
				SWIFT_VERSION = 5.0;
				VALIDATE_PRODUCT = YES;
			};
			name = Release;
		};
		000000000000000000007004 /* Debug */ = {
			isa = XCBuildConfiguration;
			buildSettings = {
				CODE_SIGN_ENTITLEMENTS = StudyBlocker/StudyBlocker.entitlements;
				CODE_SIGN_STYLE = Automatic;
				CURRENT_PROJECT_VERSION = 1;
				ENABLE_PREVIEWS = YES;
				GENERATE_INFOPLIST_FILE = NO;
				INFOPLIST_FILE = StudyBlocker/Info.plist;
				LD_RUNPATH_SEARCH_PATHS = (
					"$(inherited)",
					"@executable_path/Frameworks",
				);
				MARKETING_VERSION = 1.0;
				PRODUCT_BUNDLE_IDENTIFIER = com.tunombre.studyblocker;
				PRODUCT_NAME = "$(TARGET_NAME)";
				SWIFT_EMIT_LOC_STRINGS = YES;
				TARGETED_DEVICE_FAMILY = "1,2";
			};
			name = Debug;
		};
		000000000000000000007005 /* Release */ = {
			isa = XCBuildConfiguration;
			buildSettings = {
				CODE_SIGN_ENTITLEMENTS = StudyBlocker/StudyBlocker.entitlements;
				CODE_SIGN_STYLE = Automatic;
				CURRENT_PROJECT_VERSION = 1;
				ENABLE_PREVIEWS = YES;
				GENERATE_INFOPLIST_FILE = NO;
				INFOPLIST_FILE = StudyBlocker/Info.plist;
				LD_RUNPATH_SEARCH_PATHS = (
					"$(inherited)",
					"@executable_path/Frameworks",
				);
				MARKETING_VERSION = 1.0;
				PRODUCT_BUNDLE_IDENTIFIER = com.tunombre.studyblocker;
				PRODUCT_NAME = "$(TARGET_NAME)";
				SWIFT_EMIT_LOC_STRINGS = YES;
				TARGETED_DEVICE_FAMILY = "1,2";
			};
			name = Release;
		};
		000000000000000000007007 /* Debug */ = {
			isa = XCBuildConfiguration;
			buildSettings = {
				CODE_SIGN_ENTITLEMENTS = StudyBlockerMonitor/StudyBlockerMonitor.entitlements;
				CODE_SIGN_STYLE = Automatic;
				CURRENT_PROJECT_VERSION = 1;
				GENERATE_INFOPLIST_FILE = NO;
				INFOPLIST_FILE = StudyBlockerMonitor/Info.plist;
				LD_RUNPATH_SEARCH_PATHS = (
					"$(inherited)",
					"@executable_path/Frameworks",
					"@executable_path/../../Frameworks",
				);
				MARKETING_VERSION = 1.0;
				PRODUCT_BUNDLE_IDENTIFIER = com.tunombre.studyblocker.monitor;
				PRODUCT_NAME = "$(TARGET_NAME)";
				SKIP_INSTALL = YES;
				SWIFT_EMIT_LOC_STRINGS = YES;
				TARGETED_DEVICE_FAMILY = "1,2";
			};
			name = Debug;
		};
		000000000000000000007008 /* Release */ = {
			isa = XCBuildConfiguration;
			buildSettings = {
				CODE_SIGN_ENTITLEMENTS = StudyBlockerMonitor/StudyBlockerMonitor.entitlements;
				CODE_SIGN_STYLE = Automatic;
				CURRENT_PROJECT_VERSION = 1;
				GENERATE_INFOPLIST_FILE = NO;
				INFOPLIST_FILE = StudyBlockerMonitor/Info.plist;
				LD_RUNPATH_SEARCH_PATHS = (
					"$(inherited)",
					"@executable_path/Frameworks",
					"@executable_path/../../Frameworks",
				);
				MARKETING_VERSION = 1.0;
				PRODUCT_BUNDLE_IDENTIFIER = com.tunombre.studyblocker.monitor;
				PRODUCT_NAME = "$(TARGET_NAME)";
				SKIP_INSTALL = YES;
				SWIFT_EMIT_LOC_STRINGS = YES;
				TARGETED_DEVICE_FAMILY = "1,2";
			};
			name = Release;
		};
		000000000000000000007010 /* Debug */ = {
			isa = XCBuildConfiguration;
			buildSettings = {
				CODE_SIGN_ENTITLEMENTS = StudyBlockerShieldUI/StudyBlockerShieldUI.entitlements;
				CODE_SIGN_STYLE = Automatic;
				CURRENT_PROJECT_VERSION = 1;
				GENERATE_INFOPLIST_FILE = NO;
				INFOPLIST_FILE = StudyBlockerShieldUI/Info.plist;
				LD_RUNPATH_SEARCH_PATHS = (
					"$(inherited)",
					"@executable_path/Frameworks",
					"@executable_path/../../Frameworks",
				);
				MARKETING_VERSION = 1.0;
				PRODUCT_BUNDLE_IDENTIFIER = com.tunombre.studyblocker.shieldui;
				PRODUCT_NAME = "$(TARGET_NAME)";
				SKIP_INSTALL = YES;
				SWIFT_EMIT_LOC_STRINGS = YES;
				TARGETED_DEVICE_FAMILY = "1,2";
			};
			name = Debug;
		};
		000000000000000000007011 /* Release */ = {
			isa = XCBuildConfiguration;
			buildSettings = {
				CODE_SIGN_ENTITLEMENTS = StudyBlockerShieldUI/StudyBlockerShieldUI.entitlements;
				CODE_SIGN_STYLE = Automatic;
				CURRENT_PROJECT_VERSION = 1;
				GENERATE_INFOPLIST_FILE = NO;
				INFOPLIST_FILE = StudyBlockerShieldUI/Info.plist;
				LD_RUNPATH_SEARCH_PATHS = (
					"$(inherited)",
					"@executable_path/Frameworks",
					"@executable_path/../../Frameworks",
				);
				MARKETING_VERSION = 1.0;
				PRODUCT_BUNDLE_IDENTIFIER = com.tunombre.studyblocker.shieldui;
				PRODUCT_NAME = "$(TARGET_NAME)";
				SKIP_INSTALL = YES;
				SWIFT_EMIT_LOC_STRINGS = YES;
				TARGETED_DEVICE_FAMILY = "1,2";
			};
			name = Release;
		};
/* End XCBuildConfiguration section */

/* Begin XCConfigurationList section */
		000000000000000000007003 /* Build configuration list for PBXProject "StudyBlocker" */ = {
			isa = XCConfigurationList;
			buildConfigurations = (
				000000000000000000007001 /* Debug */,
				000000000000000000007002 /* Release */,
			);
			defaultConfigurationIsVisible = 0;
			defaultConfigurationName = Release;
		};
		000000000000000000007006 /* Build configuration list for PBXNativeTarget "StudyBlocker" */ = {
			isa = XCConfigurationList;
			buildConfigurations = (
				000000000000000000007004 /* Debug */,
				000000000000000000007005 /* Release */,
			);
			defaultConfigurationIsVisible = 0;
			defaultConfigurationName = Release;
		};
		000000000000000000007009 /* Build configuration list for PBXNativeTarget "StudyBlockerMonitor" */ = {
			isa = XCConfigurationList;
			buildConfigurations = (
				000000000000000000007007 /* Debug */,
				000000000000000000007008 /* Release */,
			);
			defaultConfigurationIsVisible = 0;
			defaultConfigurationName = Release;
		};
		000000000000000000007012 /* Build configuration list for PBXNativeTarget "StudyBlockerShieldUI" */ = {
			isa = XCConfigurationList;
			buildConfigurations = (
				000000000000000000007010 /* Debug */,
				000000000000000000007011 /* Release */,
			);
			defaultConfigurationIsVisible = 0;
			defaultConfigurationName = Release;
		};
/* End XCConfigurationList section */
	};
	rootObject = 000000000000000000008001 /* Project object */;
}
